
Microsoft Visual Studio Solution File, Format Version 12.00
# Visual Studio Version 17
VisualStudioVersion = 17.11.35327.3
MinimumVisualStudioVersion = 10.0.40219.1
Project("{FAE04EC0-301F-11D3-BF4B-00C04F79EFBC}") = "Passenger", "Passenger\Passenger.csproj", "{EBC5F2E4-15DC-484F-B66A-77FCD173BD6E}"
EndProject
Project("{FAE04EC0-301F-11D3-BF4B-00C04F79EFBC}") = "PassengerLib", "PassengerLib\PassengerLib.csproj", "{D7339D34-2A1D-4EC3-A732-58557B1F7D3D}"
EndProject
Global
	GlobalSection(SolutionConfigurationPlatforms) = preSolution
		Debug|Any CPU = Debug|Any CPU
		Release|Any CPU = Release|Any CPU
	EndGlobalSection
	GlobalSection(ProjectConfigurationPlatforms) = postSolution
		{EBC5F2E4-15DC-484F-B66A-77FCD173BD6E}.Debug|Any CPU.ActiveCfg = Debug|Any CPU
		{EBC5F2E4-15DC-484F-B66A-77FCD173BD6E}.Debug|Any CPU.Build.0 = Debug|Any CPU
		{EBC5F2E4-15DC-484F-B66A-77FCD173BD6E}.Release|Any CPU.ActiveCfg = Release|Any CPU
		{EBC5F2E4-15DC-484F-B66A-77FCD173BD6E}.Release|Any CPU.Build.0 = Release|Any CPU
		{D7339D34-2A1D-4EC3-A732-58557B1F7D3D}.Debug|Any CPU.ActiveCfg = Debug|Any CPU
		{D7339D34-2A1D-4EC3-A732-58557B1F7D3D}.Debug|Any CPU.Build.0 = Debug|Any CPU
		{D7339D34-2A1D-4EC3-A732-58557B1F7D3D}.Release|Any CPU.ActiveCfg = Release|Any CPU
		{D7339D34-2A1D-4EC3-A732-58557B1F7D3D}.Release|Any CPU.Build.0 = Release|Any CPU
	EndGlobalSection
	GlobalSection(SolutionProperties) = preSolution
		HideSolutionNode = FALSE
	EndGlobalSection
	GlobalSection(ExtensibilityGlobals) = postSolution
		SolutionGuid = {F95684A5-D44A-4DCC-BE5C-4669DEF71489}
	EndGlobalSection
EndGlobal
